
Microsoft Visual Studio Solution File, Format Version 12.00
Project("{FAE04EC0-301F-11D3-BF4B-00C04F79EFBC}") = "EdServer", "EdServer\EdServer.csproj", "{7BF41404-08AC-4333-8D79-FBD5C8846D0F}"
EndProject
Project("{FAE04EC0-301F-11D3-BF4B-00C04F79EFBC}") = "EdServer.Tests", "EdServer.Tests\EdServer.Tests.csproj", "{C5974686-AD6A-4EFE-84A0-7DFF8C892002}"
EndProject
Global
	GlobalSection(SolutionConfigurationPlatforms) = preSolution
		Debug|Any CPU = Debug|Any CPU
		Release|Any CPU = Release|Any CPU
	EndGlobalSection
	GlobalSection(ProjectConfigurationPlatforms) = postSolution
		{7BF41404-08AC-4333-8D79-FBD5C8846D0F}.Debug|Any CPU.ActiveCfg = Debug|Any CPU
		{7BF41404-08AC-4333-8D79-FBD5C8846D0F}.Debug|Any CPU.Build.0 = Debug|Any CPU
		{7BF41404-08AC-4333-8D79-FBD5C8846D0F}.Release|Any CPU.ActiveCfg = Release|Any CPU
		{7BF41404-08AC-4333-8D79-FBD5C8846D0F}.Release|Any CPU.Build.0 = Release|Any CPU
		{C5974686-AD6A-4EFE-84A0-7DFF8C892002}.Debug|Any CPU.ActiveCfg = Debug|Any CPU
		{C5974686-AD6A-4EFE-84A0-7DFF8C892002}.Debug|Any CPU.Build.0 = Debug|Any CPU
		{C5974686-AD6A-4EFE-84A0-7DFF8C892002}.Release|Any CPU.ActiveCfg = Release|Any CPU
		{C5974686-AD6A-4EFE-84A0-7DFF8C892002}.Release|Any CPU.Build.0 = Release|Any CPU
	EndGlobalSection
EndGlobal
